// !$*UTF8*$!
{
	archiveVersion = 1;
	classes = {
	};
	objectVersion = 50;
	objects = {

/* Begin PBXBuildFile section */
		980A7C9D217E105300F81502 /* Crawling.storyboard in Resources */ = {isa = PBXBuildFile; fileRef = 980A7C9C217E105300F81502 /* Crawling.storyboard */; };
		9896F55C217C63CF0065D099 /* AppDelegate.swift in Sources */ = {isa = PBXBuildFile; fileRef = 9896F55B217C63CF0065D099 /* AppDelegate.swift */; };
		9896F55E217C63CF0065D099 /* ViewController.swift in Sources */ = {isa = PBXBuildFile; fileRef = 9896F55D217C63CF0065D099 /* ViewController.swift */; };
		9896F561217C63CF0065D099 /* Main.storyboard in Resources */ = {isa = PBXBuildFile; fileRef = 9896F55F217C63CF0065D099 /* Main.storyboard */; };
		9896F563217C63D20065D099 /* Assets.xcassets in Resources */ = {isa = PBXBuildFile; fileRef = 9896F562217C63D20065D099 /* Assets.xcassets */; };
		9896F566217C63D20065D099 /* LaunchScreen.storyboard in Resources */ = {isa = PBXBuildFile; fileRef = 9896F564217C63D20065D099 /* LaunchScreen.storyboard */; };
		9896F56E217C664A0065D099 /* CrawlingViewController.swift in Sources */ = {isa = PBXBuildFile; fileRef = 9896F56D217C664A0065D099 /* CrawlingViewController.swift */; };
		98D01DE7217DE44300FB9EE3 /* SwiftSoup.framework in Frameworks */ = {isa = PBXBuildFile; fileRef = 98D01DE6217DE44300FB9EE3 /* SwiftSoup.framework */; };
		98D01DE8217DE44300FB9EE3 /* SwiftSoup.framework in Embed Frameworks */ = {isa = PBXBuildFile; fileRef = 98D01DE6217DE44300FB9EE3 /* SwiftSoup.framework */; settings = {ATTRIBUTES = (CodeSignOnCopy, RemoveHeadersOnCopy, ); }; };
/* End PBXBuildFile section */

/* Begin PBXCopyFilesBuildPhase section */
		98D01DE9217DE44300FB9EE3 /* Embed Frameworks */ = {
			isa = PBXCopyFilesBuildPhase;
			buildActionMask = 2147483647;
			dstPath = "";
			dstSubfolderSpec = 10;
			files = (
				98D01DE8217DE44300FB9EE3 /* SwiftSoup.framework in Embed Frameworks */,
			);
			name = "Embed Frameworks";
			runOnlyForDeploymentPostprocessing = 0;
		};
/* End PBXCopyFilesBuildPhase section */

/* Begin PBXFileReference section */
		980A7C9C217E105300F81502 /* Crawling.storyboard */ = {isa = PBXFileReference; lastKnownFileType = file.storyboard; path = Crawling.storyboard; sourceTree = "<group>"; };
		9896F558217C63CF0065D099 /* CrawlingWeather.app */ = {isa = PBXFileReference; explicitFileType = wrapper.application; includeInIndex = 0; path = CrawlingWeather.app; sourceTree = BUILT_PRODUCTS_DIR; };
		9896F55B217C63CF0065D099 /* AppDelegate.swift */ = {isa = PBXFileReference; lastKnownFileType = sourcecode.swift; path = AppDelegate.swift; sourceTree = "<group>"; };
		9896F55D217C63CF0065D099 /* ViewController.swift */ = {isa = PBXFileReference; lastKnownFileType = sourcecode.swift; path = ViewController.swift; sourceTree = "<group>"; };
		9896F560217C63CF0065D099 /* Base */ = {isa = PBXFileReference; lastKnownFileType = file.storyboard; name = Base; path = Base.lproj/Main.storyboard; sourceTree = "<group>"; };
		9896F562217C63D20065D099 /* Assets.xcassets */ = {isa = PBXFileReference; lastKnownFileType = folder.assetcatalog; path = Assets.xcassets; sourceTree = "<group>"; };
		9896F565217C63D20065D099 /* Base */ = {isa = PBXFileReference; lastKnownFileType = file.storyboard; name = Base; path = Base.lproj/LaunchScreen.storyboard; sourceTree = "<group>"; };
		9896F567217C63D20065D099 /* Info.plist */ = {isa = PBXFileReference; lastKnownFileType = text.plist.xml; path = Info.plist; sourceTree = "<group>"; };
		9896F56D217C664A0065D099 /* CrawlingViewController.swift */ = {isa = PBXFileReference; lastKnownFileType = sourcecode.swift; path = CrawlingViewController.swift; sourceTree = "<group>"; };
		98D01DE6217DE44300FB9EE3 /* SwiftSoup.framework */ = {isa = PBXFileReference; lastKnownFileType = wrapper.framework; name = SwiftSoup.framework; path = Carthage/Build/iOS/SwiftSoup.framework; sourceTree = "<group>"; };
/* End PBXFileReference section */

/* Begin PBXFrameworksBuildPhase section */
		9896F555217C63CF0065D099 /* Frameworks */ = {
			isa = PBXFrameworksBuildPhase;
			buildActionMask = 2147483647;
			files = (
				98D01DE7217DE44300FB9EE3 /* SwiftSoup.framework in Frameworks */,
			);
			runOnlyForDeploymentPostprocessing = 0;
		};
/* End PBXFrameworksBuildPhase section */

/* Begin PBXGroup section */
		980A7C9B217E0FFE00F81502 /* CrawlingFunction */ = {
			isa = PBXGroup;
			children = (
				9896F56D217C664A0065D099 /* CrawlingViewController.swift */,
				980A7C9C217E105300F81502 /* Crawling.storyboard */,
			);
			path = CrawlingFunction;
			sourceTree = "<group>";
		};
		980A7C9E217E11E500F81502 /* Resource */ = {
			isa = PBXGroup;
			children = (
				9896F55B217C63CF0065D099 /* AppDelegate.swift */,
				9896F562217C63D20065D099 /* Assets.xcassets */,
				9896F567217C63D20065D099 /* Info.plist */,
			);
			path = Resource;
			sourceTree = "<group>";
		};
		980A7C9F217E126500F81502 /* Root */ = {
			isa = PBXGroup;
			children = (
				9896F564217C63D20065D099 /* LaunchScreen.storyboard */,
				9896F55D217C63CF0065D099 /* ViewController.swift */,
				9896F55F217C63CF0065D099 /* Main.storyboard */,
			);
			path = Root;
			sourceTree = "<group>";
		};
		9896F54F217C63CF0065D099 = {
			isa = PBXGroup;
			children = (
				98D01DE6217DE44300FB9EE3 /* SwiftSoup.framework */,
				9896F55A217C63CF0065D099 /* CrawlingWeather */,
				9896F559217C63CF0065D099 /* Products */,
			);
			sourceTree = "<group>";
		};
		9896F559217C63CF0065D099 /* Products */ = {
			isa = PBXGroup;
			children = (
				9896F558217C63CF0065D099 /* CrawlingWeather.app */,
			);
			name = Products;
			sourceTree = "<group>";
		};
		9896F55A217C63CF0065D099 /* CrawlingWeather */ = {
			isa = PBXGroup;
			children = (
				980A7C9E217E11E500F81502 /* Resource */,
				980A7C9F217E126500F81502 /* Root */,
				980A7C9B217E0FFE00F81502 /* CrawlingFunction */,
			);
			path = CrawlingWeather;
			sourceTree = "<group>";
		};
/* End PBXGroup section */

/* Begin PBXNativeTarget section */
		9896F557217C63CF0065D099 /* CrawlingWeather */ = {
			isa = PBXNativeTarget;
			buildConfigurationList = 9896F56A217C63D20065D099 /* Build configuration list for PBXNativeTarget "CrawlingWeather" */;
			buildPhases = (
				9896F554217C63CF0065D099 /* Sources */,
				9896F555217C63CF0065D099 /* Frameworks */,
				9896F556217C63CF0065D099 /* Resources */,
				98D01DE9217DE44300FB9EE3 /* Embed Frameworks */,
			);
			buildRules = (
			);
			dependencies = (
			);
			name = CrawlingWeather;
			productName = CrawlingWeather;
			productReference = 9896F558217C63CF0065D099 /* CrawlingWeather.app */;
			productType = "com.apple.product-type.application";
		};
/* End PBXNativeTarget section */

/* Begin PBXProject section */
		9896F550217C63CF0065D099 /* Project object */ = {
			isa = PBXProject;
			attributes = {
				LastSwiftUpdateCheck = 1000;
				LastUpgradeCheck = 1000;
				ORGANIZATIONNAME = sutie;
				TargetAttributes = {
					9896F557217C63CF0065D099 = {
						CreatedOnToolsVersion = 10.0;
					};
				};
			};
			buildConfigurationList = 9896F553217C63CF0065D099 /* Build configuration list for PBXProject "CrawlingWeather" */;
			compatibilityVersion = "Xcode 9.3";
			developmentRegion = en;
			hasScannedForEncodings = 0;
			knownRegions = (
				en,
				Base,
			);
			mainGroup = 9896F54F217C63CF0065D099;
			productRefGroup = 9896F559217C63CF0065D099 /* Products */;
			projectDirPath = "";
			projectRoot = "";
			targets = (
				9896F557217C63CF0065D099 /* CrawlingWeather */,
			);
		};
/* End PBXProject section */

/* Begin PBXResourcesBuildPhase section */
		9896F556217C63CF0065D099 /* Resources */ = {
			isa = PBXResourcesBuildPhase;
			buildActionMask = 2147483647;
			files = (
				9896F566217C63D20065D099 /* LaunchScreen.storyboard in Resources */,
				980A7C9D217E105300F81502 /* Crawling.storyboard in Resources */,
				9896F563217C63D20065D099 /* Assets.xcassets in Resources */,
				9896F561217C63CF0065D099 /* Main.storyboard in Resources */,
			);
			runOnlyForDeploymentPostprocessing = 0;
		};
/* End PBXResourcesBuildPhase section */

/* Begin PBXSourcesBuildPhase section */
		9896F554217C63CF0065D099 /* Sources */ = {
			isa = PBXSourcesBuildPhase;
			buildActionMask = 2147483647;
			files = (
				9896F55E217C63CF0065D099 /* ViewController.swift in Sources */,
				9896F56E217C664A0065D099 /* CrawlingViewController.swift in Sources */,
				9896F55C217C63CF0065D099 /* AppDelegate.swift in Sources */,
			);
			runOnlyForDeploymentPostprocessing = 0;
		};
/* End PBXSourcesBuildPhase section */

/* Begin PBXVariantGroup section */
		9896F55F217C63CF0065D099 /* Main.storyboard */ = {
			isa = PBXVariantGroup;
			children = (
				9896F560217C63CF0065D099 /* Base */,
			);
			name = Main.storyboard;
			sourceTree = "<group>";
		};
		9896F564217C63D20065D099 /* LaunchScreen.storyboard */ = {
			isa = PBXVariantGroup;
			children = (
				9896F565217C63D20065D099 /* Base */,
			);
			name = LaunchScreen.storyboard;
			sourceTree = "<group>";
		};
/* End PBXVariantGroup section */

/* Begin XCBuildConfiguration section */
		9896F568217C63D20065D099 /* Debug */ = {
			isa = XCBuildConfiguration;
			buildSettings = {
				ALWAYS_SEARCH_USER_PATHS = NO;
				CLANG_ANALYZER_NONNULL = YES;
				CLANG_ANALYZER_NUMBER_OBJECT_CONVERSION = YES_AGGRESSIVE;
				CLANG_CXX_LANGUAGE_STANDARD = "gnu++14";
				CLANG_CXX_LIBRARY = "libc++";
				CLANG_ENABLE_MODULES = YES;
				CLANG_ENABLE_OBJC_ARC = YES;
				CLANG_ENABLE_OBJC_WEAK = YES;
				CLANG_WARN_BLOCK_CAPTURE_AUTORELEASING = YES;
				CLANG_WARN_BOOL_CONVERSION = YES;
				CLANG_WARN_COMMA = YES;
				CLANG_WARN_CONSTANT_CONVERSION = YES;
				CLANG_WARN_DEPRECATED_OBJC_IMPLEMENTATIONS = YES;
				CLANG_WARN_DIRECT_OBJC_ISA_USAGE = YES_ERROR;
				CLANG_WARN_DOCUMENTATION_COMMENTS = YES;
				CLANG_WARN_EMPTY_BODY = YES;
				CLANG_WARN_ENUM_CONVERSION = YES;
				CLANG_WARN_INFINITE_RECURSION = YES;
				CLANG_WARN_INT_CONVERSION = YES;
				CLANG_WARN_NON_LITERAL_NULL_CONVERSION = YES;
				CLANG_WARN_OBJC_IMPLICIT_RETAIN_SELF = YES;
				CLANG_WARN_OBJC_LITERAL_CONVERSION = YES;
				CLANG_WARN_OBJC_ROOT_CLASS = YES_ERROR;
				CLANG_WARN_RANGE_LOOP_ANALYSIS = YES;
				CLANG_WARN_STRICT_PROTOTYPES = YES;
				CLANG_WARN_SUSPICIOUS_MOVE = YES;
				CLANG_WARN_UNGUARDED_AVAILABILITY = YES_AGGRESSIVE;
				CLANG_WARN_UNREACHABLE_CODE = YES;
				CLANG_WARN__DUPLICATE_METHOD_MATCH = YES;
				CODE_SIGN_IDENTITY = "iPhone Developer";
				COPY_PHASE_STRIP = NO;
				DEBUG_INFORMATION_FORMAT = dwarf;
				ENABLE_STRICT_OBJC_MSGSEND = YES;
				ENABLE_TESTABILITY = YES;
				GCC_C_LANGUAGE_STANDARD = gnu11;
				GCC_DYNAMIC_NO_PIC = NO;
				GCC_NO_COMMON_BLOCKS = YES;
				GCC_OPTIMIZATION_LEVEL = 0;
				GCC_PREPROCESSOR_DEFINITIONS = (
					"DEBUG=1",
					"$(inherited)",
				);
				GCC_WARN_64_TO_32_BIT_CONVERSION = YES;
				GCC_WARN_ABOUT_RETURN_TYPE = YES_ERROR;
				GCC_WARN_UNDECLARED_SELECTOR = YES;
				GCC_WARN_UNINITIALIZED_AUTOS = YES_AGGRESSIVE;
				GCC_WARN_UNUSED_FUNCTION = YES;
				GCC_WARN_UNUSED_VARIABLE = YES;
				IPHONEOS_DEPLOYMENT_TARGET = 12.0;
				MTL_ENABLE_DEBUG_INFO = INCLUDE_SOURCE;
				MTL_FAST_MATH = YES;
				ONLY_ACTIVE_ARCH = YES;
				SDKROOT = iphoneos;
				SWIFT_ACTIVE_COMPILATION_CONDITIONS = DEBUG;
				SWIFT_OPTIMIZATION_LEVEL = "-Onone";
			};
			name = Debug;
		};
		9896F569217C63D20065D099 /* Release */ = {
			isa = XCBuildConfiguration;
			buildSettings = {
				ALWAYS_SEARCH_USER_PATHS = NO;
				CLANG_ANALYZER_NONNULL = YES;
				CLANG_ANALYZER_NUMBER_OBJECT_CONVERSION = YES_AGGRESSIVE;
				CLANG_CXX_LANGUAGE_STANDARD = "gnu++14";
				CLANG_CXX_LIBRARY = "libc++";
				CLANG_ENABLE_MODULES = YES;
				CLANG_ENABLE_OBJC_ARC = YES;
				CLANG_ENABLE_OBJC_WEAK = YES;
				CLANG_WARN_BLOCK_CAPTURE_AUTORELEASING = YES;
				CLANG_WARN_BOOL_CONVERSION = YES;
				CLANG_WARN_COMMA = YES;
				CLANG_WARN_CONSTANT_CONVERSION = YES;
				CLANG_WARN_DEPRECATED_OBJC_IMPLEMENTATIONS = YES;
				CLANG_WARN_DIRECT_OBJC_ISA_USAGE = YES_ERROR;
				CLANG_WARN_DOCUMENTATION_COMMENTS = YES;
				CLANG_WARN_EMPTY_BODY = YES;
				CLANG_WARN_ENUM_CONVERSION = YES;
				CLANG_WARN_INFINITE_RECURSION = YES;
				CLANG_WARN_INT_CONVERSION = YES;
				CLANG_WARN_NON_LITERAL_NULL_CONVERSION = YES;
				CLANG_WARN_OBJC_IMPLICIT_RETAIN_SELF = YES;
				CLANG_WARN_OBJC_LITERAL_CONVERSION = YES;
				CLANG_WARN_OBJC_ROOT_CLASS = YES_ERROR;
				CLANG_WARN_RANGE_LOOP_ANALYSIS = YES;
				CLANG_WARN_STRICT_PROTOTYPES = YES;
				CLANG_WARN_SUSPICIOUS_MOVE = YES;
				CLANG_WARN_UNGUARDED_AVAILABILITY = YES_AGGRESSIVE;
				CLANG_WARN_UNREACHABLE_CODE = YES;
				CLANG_WARN__DUPLICATE_METHOD_MATCH = YES;
				CODE_SIGN_IDENTITY = "iPhone Developer";
				COPY_PHASE_STRIP = NO;
				DEBUG_INFORMATION_FORMAT = "dwarf-with-dsym";
				ENABLE_NS_ASSERTIONS = NO;
				ENABLE_STRICT_OBJC_MSGSEND = YES;
				GCC_C_LANGUAGE_STANDARD = gnu11;
				GCC_NO_COMMON_BLOCKS = YES;
				GCC_WARN_64_TO_32_BIT_CONVERSION = YES;
				GCC_WARN_ABOUT_RETURN_TYPE = YES_ERROR;
				GCC_WARN_UNDECLARED_SELECTOR = YES;
				GCC_WARN_UNINITIALIZED_AUTOS = YES_AGGRESSIVE;
				GCC_WARN_UNUSED_FUNCTION = YES;
				GCC_WARN_UNUSED_VARIABLE = YES;
				IPHONEOS_DEPLOYMENT_TARGET = 12.0;
				MTL_ENABLE_DEBUG_INFO = NO;
				MTL_FAST_MATH = YES;
				SDKROOT = iphoneos;
				SWIFT_COMPILATION_MODE = wholemodule;
				SWIFT_OPTIMIZATION_LEVEL = "-O";
				VALIDATE_PRODUCT = YES;
			};
			name = Release;
		};
		9896F56B217C63D20065D099 /* Debug */ = {
			isa = XCBuildConfiguration;
			buildSettings = {
				ASSETCATALOG_COMPILER_APPICON_NAME = AppIcon;
				CODE_SIGN_STYLE = Automatic;
				DEVELOPMENT_TEAM = LBKLZA456E;
				FRAMEWORK_SEARCH_PATHS = (
					"$(inherited)",
					"$(PROJECT_DIR)/Carthage/Build/iOS",
				);
				INFOPLIST_FILE = CrawlingWeather/Info.plist;
				LD_RUNPATH_SEARCH_PATHS = (
					"$(inherited)",
					"@executable_path/Frameworks",
				);
				PRODUCT_BUNDLE_IDENTIFIER = sutie.CrawlingWeather;
				PRODUCT_NAME = "$(TARGET_NAME)";
				SWIFT_VERSION = 4.2;
				TARGETED_DEVICE_FAMILY = "1,2";
			};
			name = Debug;
		};
		9896F56C217C63D20065D099 /* Release */ = {
			isa = XCBuildConfiguration;
			buildSettings = {
				ASSETCATALOG_COMPILER_APPICON_NAME = AppIcon;
				CODE_SIGN_STYLE = Automatic;
				DEVELOPMENT_TEAM = LBKLZA456E;
				FRAMEWORK_SEARCH_PATHS = (
					"$(inherited)",
					"$(PROJECT_DIR)/Carthage/Build/iOS",
				);
				INFOPLIST_FILE = CrawlingWeather/Info.plist;
				LD_RUNPATH_SEARCH_PATHS = (
					"$(inherited)",
					"@executable_path/Frameworks",
				);
				PRODUCT_BUNDLE_IDENTIFIER = sutie.CrawlingWeather;
				PRODUCT_NAME = "$(TARGET_NAME)";
				SWIFT_VERSION = 4.2;
				TARGETED_DEVICE_FAMILY = "1,2";
			};
			name = Release;
		};
/* End XCBuildConfiguration section */

/* Begin XCConfigurationList section */
		9896F553217C63CF0065D099 /* Build configuration list for PBXProject "CrawlingWeather" */ = {
			isa = XCConfigurationList;
			buildConfigurations = (
				9896F568217C63D20065D099 /* Debug */,
				9896F569217C63D20065D099 /* Release */,
			);
			defaultConfigurationIsVisible = 0;
			defaultConfigurationName = Release;
		};
		9896F56A217C63D20065D099 /* Build configuration list for PBXNativeTarget "CrawlingWeather" */ = {
			isa = XCConfigurationList;
			buildConfigurations = (
				9896F56B217C63D20065D099 /* Debug */,
				9896F56C217C63D20065D099 /* Release */,
			);
			defaultConfigurationIsVisible = 0;
			defaultConfigurationName = Release;
		};
/* End XCConfigurationList section */
	};
	rootObject = 9896F550217C63CF0065D099 /* Project object */;
}
